{
  "name": "world-tree",
  "version": "0.4.0-pre-v2-closure.1",
  "lockfileVersion": 3,
  "requires": true,
  "packages": {
    "": {
      "name": "world-tree",
      "version": "0.4.0-pre-v2-closure.1",
      "license": "MIT",
      "bin": {
        "world-tree": "bin/world-tree.js"
      },
      "engines": {
        "node": ">=18.0.0"
      }
    }
  }
}
